
Microsoft Visual Studio Solution File, Format Version 12.00
# Visual Studio Version 17
VisualStudioVersion = 17.9.34622.214
MinimumVisualStudioVersion = 10.0.40219.1
Project("{FAE04EC0-301F-11D3-BF4B-00C04F79EFBC}") = "gerador de email", "gerador de email\gerador de email.csproj", "{11F3F34F-156F-4EDD-8A0B-3E15ECE407C1}"
EndProject
Global
	GlobalSection(SolutionConfigurationPlatforms) = preSolution
		Debug|Any CPU = Debug|Any CPU
		Release|Any CPU = Release|Any CPU
	EndGlobalSection
	GlobalSection(ProjectConfigurationPlatforms) = postSolution
		{11F3F34F-156F-4EDD-8A0B-3E15ECE407C1}.Debug|Any CPU.ActiveCfg = Debug|Any CPU
		{11F3F34F-156F-4EDD-8A0B-3E15ECE407C1}.Debug|Any CPU.Build.0 = Debug|Any CPU
		{11F3F34F-156F-4EDD-8A0B-3E15ECE407C1}.Release|Any CPU.ActiveCfg = Release|Any CPU
		{11F3F34F-156F-4EDD-8A0B-3E15ECE407C1}.Release|Any CPU.Build.0 = Release|Any CPU
	EndGlobalSection
	GlobalSection(SolutionProperties) = preSolution
		HideSolutionNode = FALSE
	EndGlobalSection
	GlobalSection(ExtensibilityGlobals) = postSolution
		SolutionGuid = {F04F74D3-BB33-4E5F-85AC-C67E50B976C0}
	EndGlobalSection
EndGlobal
