
Microsoft Visual Studio Solution File, Format Version 12.00
# Visual Studio Version 17
VisualStudioVersion = 17.9.34622.214
MinimumVisualStudioVersion = 10.0.40219.1
Project("{FAE04EC0-301F-11D3-BF4B-00C04F79EFBC}") = "multiplos de 3 e 7", "multiplos de 3 e 7\multiplos de 3 e 7.csproj", "{52691004-2431-431C-A83E-FBAD9A9EF7C9}"
EndProject
Global
	GlobalSection(SolutionConfigurationPlatforms) = preSolution
		Debug|Any CPU = Debug|Any CPU
		Release|Any CPU = Release|Any CPU
	EndGlobalSection
	GlobalSection(ProjectConfigurationPlatforms) = postSolution
		{52691004-2431-431C-A83E-FBAD9A9EF7C9}.Debug|Any CPU.ActiveCfg = Debug|Any CPU
		{52691004-2431-431C-A83E-FBAD9A9EF7C9}.Debug|Any CPU.Build.0 = Debug|Any CPU
		{52691004-2431-431C-A83E-FBAD9A9EF7C9}.Release|Any CPU.ActiveCfg = Release|Any CPU
		{52691004-2431-431C-A83E-FBAD9A9EF7C9}.Release|Any CPU.Build.0 = Release|Any CPU
	EndGlobalSection
	GlobalSection(SolutionProperties) = preSolution
		HideSolutionNode = FALSE
	EndGlobalSection
	GlobalSection(ExtensibilityGlobals) = postSolution
		SolutionGuid = {9E3BA6DA-A5C4-4439-BCCE-F9FB7624AE54}
	EndGlobalSection
EndGlobal
